
Microsoft Visual Studio Solution File, Format Version 12.00
# Visual Studio Version 16
VisualStudioVersion = 16.0.30104.148
MinimumVisualStudioVersion = 10.0.40219.1
Project("{8BC9CEB8-8B4A-11D0-8D11-00A0C91BC942}") = "6-A-REAL-LEVEL", "6-A-REAL-LEVEL\6-A-REAL-LEVEL.vcxproj", "{DCA51090-0714-46F0-9317-66B559BA4E0B}"
EndProject
Global
	GlobalSection(SolutionConfigurationPlatforms) = preSolution
		Debug|x64 = Debug|x64
		Debug|x86 = Debug|x86
		Release|x64 = Release|x64
		Release|x86 = Release|x86
	EndGlobalSection
	GlobalSection(ProjectConfigurationPlatforms) = postSolution
		{DCA51090-0714-46F0-9317-66B559BA4E0B}.Debug|x64.ActiveCfg = Debug|x64
		{DCA51090-0714-46F0-9317-66B559BA4E0B}.Debug|x64.Build.0 = Debug|x64
		{DCA51090-0714-46F0-9317-66B559BA4E0B}.Debug|x86.ActiveCfg = Debug|Win32
		{DCA51090-0714-46F0-9317-66B559BA4E0B}.Debug|x86.Build.0 = Debug|Win32
		{DCA51090-0714-46F0-9317-66B559BA4E0B}.Release|x64.ActiveCfg = Release|x64
		{DCA51090-0714-46F0-9317-66B559BA4E0B}.Release|x64.Build.0 = Release|x64
		{DCA51090-0714-46F0-9317-66B559BA4E0B}.Release|x86.ActiveCfg = Release|Win32
		{DCA51090-0714-46F0-9317-66B559BA4E0B}.Release|x86.Build.0 = Release|Win32
	EndGlobalSection
	GlobalSection(SolutionProperties) = preSolution
		HideSolutionNode = FALSE
	EndGlobalSection
	GlobalSection(ExtensibilityGlobals) = postSolution
		SolutionGuid = {8AB0C658-2948-447F-8026-B0AFF822E38A}
	EndGlobalSection
EndGlobal
